// !$*UTF8*$!
{
	archiveVersion = 1;
	classes = {
	};
	objectVersion = 50;
	objects = {

/* Begin PBXBuildFile section */
		622E92F325B74F2200806BF1 /* MemeMeUITextField.swift in Sources */ = {isa = PBXBuildFile; fileRef = 622E92F225B74F2200806BF1 /* MemeMeUITextField.swift */; };
		623D261C25B6029A00E5480E /* Meme.swift in Sources */ = {isa = PBXBuildFile; fileRef = 623D261B25B6029A00E5480E /* Meme.swift */; };
		625D0B3825A3859E004D0449 /* AppDelegate.swift in Sources */ = {isa = PBXBuildFile; fileRef = 625D0B3725A3859E004D0449 /* AppDelegate.swift */; };
		625D0B3A25A3859E004D0449 /* SceneDelegate.swift in Sources */ = {isa = PBXBuildFile; fileRef = 625D0B3925A3859E004D0449 /* SceneDelegate.swift */; };
		625D0B3C25A3859E004D0449 /* MemeMeVC.swift in Sources */ = {isa = PBXBuildFile; fileRef = 625D0B3B25A3859E004D0449 /* MemeMeVC.swift */; };
		625D0B3F25A3859E004D0449 /* Main.storyboard in Resources */ = {isa = PBXBuildFile; fileRef = 625D0B3D25A3859E004D0449 /* Main.storyboard */; };
		625D0B4125A385A6004D0449 /* Assets.xcassets in Resources */ = {isa = PBXBuildFile; fileRef = 625D0B4025A385A6004D0449 /* Assets.xcassets */; };
		625D0B4425A385A6004D0449 /* LaunchScreen.storyboard in Resources */ = {isa = PBXBuildFile; fileRef = 625D0B4225A385A6004D0449 /* LaunchScreen.storyboard */; };
/* End PBXBuildFile section */

/* Begin PBXFileReference section */
		622E92F225B74F2200806BF1 /* MemeMeUITextField.swift */ = {isa = PBXFileReference; lastKnownFileType = sourcecode.swift; path = MemeMeUITextField.swift; sourceTree = "<group>"; };
		623D261B25B6029A00E5480E /* Meme.swift */ = {isa = PBXFileReference; lastKnownFileType = sourcecode.swift; path = Meme.swift; sourceTree = "<group>"; };
		625D0B3425A3859E004D0449 /* MemeMeV2.app */ = {isa = PBXFileReference; explicitFileType = wrapper.application; includeInIndex = 0; path = MemeMeV2.app; sourceTree = BUILT_PRODUCTS_DIR; };
		625D0B3725A3859E004D0449 /* AppDelegate.swift */ = {isa = PBXFileReference; lastKnownFileType = sourcecode.swift; path = AppDelegate.swift; sourceTree = "<group>"; };
		625D0B3925A3859E004D0449 /* SceneDelegate.swift */ = {isa = PBXFileReference; lastKnownFileType = sourcecode.swift; path = SceneDelegate.swift; sourceTree = "<group>"; };
		625D0B3B25A3859E004D0449 /* MemeMeVC.swift */ = {isa = PBXFileReference; lastKnownFileType = sourcecode.swift; path = MemeMeVC.swift; sourceTree = "<group>"; };
		625D0B3E25A3859E004D0449 /* Base */ = {isa = PBXFileReference; lastKnownFileType = file.storyboard; name = Base; path = Base.lproj/Main.storyboard; sourceTree = "<group>"; };
		625D0B4025A385A6004D0449 /* Assets.xcassets */ = {isa = PBXFileReference; lastKnownFileType = folder.assetcatalog; path = Assets.xcassets; sourceTree = "<group>"; };
		625D0B4325A385A6004D0449 /* Base */ = {isa = PBXFileReference; lastKnownFileType = file.storyboard; name = Base; path = Base.lproj/LaunchScreen.storyboard; sourceTree = "<group>"; };
		625D0B4525A385A6004D0449 /* Info.plist */ = {isa = PBXFileReference; lastKnownFileType = text.plist.xml; path = Info.plist; sourceTree = "<group>"; };
/* End PBXFileReference section */

/* Begin PBXFrameworksBuildPhase section */
		625D0B3125A3859E004D0449 /* Frameworks */ = {
			isa = PBXFrameworksBuildPhase;
			buildActionMask = 2147483647;
			files = (
			);
			runOnlyForDeploymentPostprocessing = 0;
		};
/* End PBXFrameworksBuildPhase section */

/* Begin PBXGroup section */
		622E92F125B74EDF00806BF1 /* Views */ = {
			isa = PBXGroup;
			children = (
				622E92F225B74F2200806BF1 /* MemeMeUITextField.swift */,
			);
			path = Views;
			sourceTree = "<group>";
		};
		623D261A25B6028A00E5480E /* Model */ = {
			isa = PBXGroup;
			children = (
				623D261B25B6029A00E5480E /* Meme.swift */,
			);
			path = Model;
			sourceTree = "<group>";
		};
		625D0B2B25A3859E004D0449 = {
			isa = PBXGroup;
			children = (
				625D0B3625A3859E004D0449 /* MemeMeV2 */,
				625D0B3525A3859E004D0449 /* Products */,
			);
			sourceTree = "<group>";
		};
		625D0B3525A3859E004D0449 /* Products */ = {
			isa = PBXGroup;
			children = (
				625D0B3425A3859E004D0449 /* MemeMeV2.app */,
			);
			name = Products;
			sourceTree = "<group>";
		};
		625D0B3625A3859E004D0449 /* MemeMeV2 */ = {
			isa = PBXGroup;
			children = (
				622E92F125B74EDF00806BF1 /* Views */,
				623D261A25B6028A00E5480E /* Model */,
				625D0B3725A3859E004D0449 /* AppDelegate.swift */,
				625D0B3925A3859E004D0449 /* SceneDelegate.swift */,
				625D0B3B25A3859E004D0449 /* MemeMeVC.swift */,
				625D0B3D25A3859E004D0449 /* Main.storyboard */,
				625D0B4025A385A6004D0449 /* Assets.xcassets */,
				625D0B4225A385A6004D0449 /* LaunchScreen.storyboard */,
				625D0B4525A385A6004D0449 /* Info.plist */,
			);
			path = MemeMeV2;
			sourceTree = "<group>";
		};
/* End PBXGroup section */

/* Begin PBXNativeTarget section */
		625D0B3325A3859E004D0449 /* MemeMeV2 */ = {
			isa = PBXNativeTarget;
			buildConfigurationList = 625D0B5E25A385A8004D0449 /* Build configuration list for PBXNativeTarget "MemeMeV2" */;
			buildPhases = (
				625D0B3025A3859E004D0449 /* Sources */,
				625D0B3125A3859E004D0449 /* Frameworks */,
				625D0B3225A3859E004D0449 /* Resources */,
			);
			buildRules = (
			);
			dependencies = (
			);
			name = MemeMeV2;
			productName = MemeMeV1;
			productReference = 625D0B3425A3859E004D0449 /* MemeMeV2.app */;
			productType = "com.apple.product-type.application";
		};
/* End PBXNativeTarget section */

/* Begin PBXProject section */
		625D0B2C25A3859E004D0449 /* Project object */ = {
			isa = PBXProject;
			attributes = {
				LastSwiftUpdateCheck = 1230;
				LastUpgradeCheck = 1230;
				TargetAttributes = {
					625D0B3325A3859E004D0449 = {
						CreatedOnToolsVersion = 12.3;
					};
				};
			};
			buildConfigurationList = 625D0B2F25A3859E004D0449 /* Build configuration list for PBXProject "MemeMeV2" */;
			compatibilityVersion = "Xcode 9.3";
			developmentRegion = en;
			hasScannedForEncodings = 0;
			knownRegions = (
				en,
				Base,
			);
			mainGroup = 625D0B2B25A3859E004D0449;
			productRefGroup = 625D0B3525A3859E004D0449 /* Products */;
			projectDirPath = "";
			projectRoot = "";
			targets = (
				625D0B3325A3859E004D0449 /* MemeMeV2 */,
			);
		};
/* End PBXProject section */

/* Begin PBXResourcesBuildPhase section */
		625D0B3225A3859E004D0449 /* Resources */ = {
			isa = PBXResourcesBuildPhase;
			buildActionMask = 2147483647;
			files = (
				625D0B4425A385A6004D0449 /* LaunchScreen.storyboard in Resources */,
				625D0B4125A385A6004D0449 /* Assets.xcassets in Resources */,
				625D0B3F25A3859E004D0449 /* Main.storyboard in Resources */,
			);
			runOnlyForDeploymentPostprocessing = 0;
		};
/* End PBXResourcesBuildPhase section */

/* Begin PBXSourcesBuildPhase section */
		625D0B3025A3859E004D0449 /* Sources */ = {
			isa = PBXSourcesBuildPhase;
			buildActionMask = 2147483647;
			files = (
				625D0B3C25A3859E004D0449 /* MemeMeVC.swift in Sources */,
				623D261C25B6029A00E5480E /* Meme.swift in Sources */,
				625D0B3825A3859E004D0449 /* AppDelegate.swift in Sources */,
				625D0B3A25A3859E004D0449 /* SceneDelegate.swift in Sources */,
				622E92F325B74F2200806BF1 /* MemeMeUITextField.swift in Sources */,
			);
			runOnlyForDeploymentPostprocessing = 0;
		};
/* End PBXSourcesBuildPhase section */

/* Begin PBXVariantGroup section */
		625D0B3D25A3859E004D0449 /* Main.storyboard */ = {
			isa = PBXVariantGroup;
			children = (
				625D0B3E25A3859E004D0449 /* Base */,
			);
			name = Main.storyboard;
			sourceTree = "<group>";
		};
		625D0B4225A385A6004D0449 /* LaunchScreen.storyboard */ = {
			isa = PBXVariantGroup;
			children = (
				625D0B4325A385A6004D0449 /* Base */,
			);
			name = LaunchScreen.storyboard;
			sourceTree = "<group>";
		};
/* End PBXVariantGroup section */

/* Begin XCBuildConfiguration section */
		625D0B5C25A385A8004D0449 /* Debug */ = {
			isa = XCBuildConfiguration;
			buildSettings = {
				ALWAYS_SEARCH_USER_PATHS = NO;
				CLANG_ANALYZER_NONNULL = YES;
				CLANG_ANALYZER_NUMBER_OBJECT_CONVERSION = YES_AGGRESSIVE;
				CLANG_CXX_LANGUAGE_STANDARD = "gnu++14";
				CLANG_CXX_LIBRARY = "libc++";
				CLANG_ENABLE_MODULES = YES;
				CLANG_ENABLE_OBJC_ARC = YES;
				CLANG_ENABLE_OBJC_WEAK = YES;
				CLANG_WARN_BLOCK_CAPTURE_AUTORELEASING = YES;
				CLANG_WARN_BOOL_CONVERSION = YES;
				CLANG_WARN_COMMA = YES;
				CLANG_WARN_CONSTANT_CONVERSION = YES;
				CLANG_WARN_DEPRECATED_OBJC_IMPLEMENTATIONS = YES;
				CLANG_WARN_DIRECT_OBJC_ISA_USAGE = YES_ERROR;
				CLANG_WARN_DOCUMENTATION_COMMENTS = YES;
				CLANG_WARN_EMPTY_BODY = YES;
				CLANG_WARN_ENUM_CONVERSION = YES;
				CLANG_WARN_INFINITE_RECURSION = YES;
				CLANG_WARN_INT_CONVERSION = YES;
				CLANG_WARN_NON_LITERAL_NULL_CONVERSION = YES;
				CLANG_WARN_OBJC_IMPLICIT_RETAIN_SELF = YES;
				CLANG_WARN_OBJC_LITERAL_CONVERSION = YES;
				CLANG_WARN_OBJC_ROOT_CLASS = YES_ERROR;
				CLANG_WARN_QUOTED_INCLUDE_IN_FRAMEWORK_HEADER = YES;
				CLANG_WARN_RANGE_LOOP_ANALYSIS = YES;
				CLANG_WARN_STRICT_PROTOTYPES = YES;
				CLANG_WARN_SUSPICIOUS_MOVE = YES;
				CLANG_WARN_UNGUARDED_AVAILABILITY = YES_AGGRESSIVE;
				CLANG_WARN_UNREACHABLE_CODE = YES;
				CLANG_WARN__DUPLICATE_METHOD_MATCH = YES;
				COPY_PHASE_STRIP = NO;
				DEBUG_INFORMATION_FORMAT = dwarf;
				ENABLE_STRICT_OBJC_MSGSEND = YES;
				ENABLE_TESTABILITY = YES;
				GCC_C_LANGUAGE_STANDARD = gnu11;
				GCC_DYNAMIC_NO_PIC = NO;
				GCC_NO_COMMON_BLOCKS = YES;
				GCC_OPTIMIZATION_LEVEL = 0;
				GCC_PREPROCESSOR_DEFINITIONS = (
					"DEBUG=1",
					"$(inherited)",
				);
				GCC_WARN_64_TO_32_BIT_CONVERSION = YES;
				GCC_WARN_ABOUT_RETURN_TYPE = YES_ERROR;
				GCC_WARN_UNDECLARED_SELECTOR = YES;
				GCC_WARN_UNINITIALIZED_AUTOS = YES_AGGRESSIVE;
				GCC_WARN_UNUSED_FUNCTION = YES;
				GCC_WARN_UNUSED_VARIABLE = YES;
				IPHONEOS_DEPLOYMENT_TARGET = 14.3;
				MTL_ENABLE_DEBUG_INFO = INCLUDE_SOURCE;
				MTL_FAST_MATH = YES;
				ONLY_ACTIVE_ARCH = YES;
				SDKROOT = iphoneos;
				SWIFT_ACTIVE_COMPILATION_CONDITIONS = DEBUG;
				SWIFT_OPTIMIZATION_LEVEL = "-Onone";
			};
			name = Debug;
		};
		625D0B5D25A385A8004D0449 /* Release */ = {
			isa = XCBuildConfiguration;
			buildSettings = {
				ALWAYS_SEARCH_USER_PATHS = NO;
				CLANG_ANALYZER_NONNULL = YES;
				CLANG_ANALYZER_NUMBER_OBJECT_CONVERSION = YES_AGGRESSIVE;
				CLANG_CXX_LANGUAGE_STANDARD = "gnu++14";
				CLANG_CXX_LIBRARY = "libc++";
				CLANG_ENABLE_MODULES = YES;
				CLANG_ENABLE_OBJC_ARC = YES;
				CLANG_ENABLE_OBJC_WEAK = YES;
				CLANG_WARN_BLOCK_CAPTURE_AUTORELEASING = YES;
				CLANG_WARN_BOOL_CONVERSION = YES;
				CLANG_WARN_COMMA = YES;
				CLANG_WARN_CONSTANT_CONVERSION = YES;
				CLANG_WARN_DEPRECATED_OBJC_IMPLEMENTATIONS = YES;
				CLANG_WARN_DIRECT_OBJC_ISA_USAGE = YES_ERROR;
				CLANG_WARN_DOCUMENTATION_COMMENTS = YES;
				CLANG_WARN_EMPTY_BODY = YES;
				CLANG_WARN_ENUM_CONVERSION = YES;
				CLANG_WARN_INFINITE_RECURSION = YES;
				CLANG_WARN_INT_CONVERSION = YES;
				CLANG_WARN_NON_LITERAL_NULL_CONVERSION = YES;
				CLANG_WARN_OBJC_IMPLICIT_RETAIN_SELF = YES;
				CLANG_WARN_OBJC_LITERAL_CONVERSION = YES;
				CLANG_WARN_OBJC_ROOT_CLASS = YES_ERROR;
				CLANG_WARN_QUOTED_INCLUDE_IN_FRAMEWORK_HEADER = YES;
				CLANG_WARN_RANGE_LOOP_ANALYSIS = YES;
				CLANG_WARN_STRICT_PROTOTYPES = YES;
				CLANG_WARN_SUSPICIOUS_MOVE = YES;
				CLANG_WARN_UNGUARDED_AVAILABILITY = YES_AGGRESSIVE;
				CLANG_WARN_UNREACHABLE_CODE = YES;
				CLANG_WARN__DUPLICATE_METHOD_MATCH = YES;
				COPY_PHASE_STRIP = NO;
				DEBUG_INFORMATION_FORMAT = "dwarf-with-dsym";
				ENABLE_NS_ASSERTIONS = NO;
				ENABLE_STRICT_OBJC_MSGSEND = YES;
				GCC_C_LANGUAGE_STANDARD = gnu11;
				GCC_NO_COMMON_BLOCKS = YES;
				GCC_WARN_64_TO_32_BIT_CONVERSION = YES;
				GCC_WARN_ABOUT_RETURN_TYPE = YES_ERROR;
				GCC_WARN_UNDECLARED_SELECTOR = YES;
				GCC_WARN_UNINITIALIZED_AUTOS = YES_AGGRESSIVE;
				GCC_WARN_UNUSED_FUNCTION = YES;
				GCC_WARN_UNUSED_VARIABLE = YES;
				IPHONEOS_DEPLOYMENT_TARGET = 14.3;
				MTL_ENABLE_DEBUG_INFO = NO;
				MTL_FAST_MATH = YES;
				SDKROOT = iphoneos;
				SWIFT_COMPILATION_MODE = wholemodule;
				SWIFT_OPTIMIZATION_LEVEL = "-O";
				VALIDATE_PRODUCT = YES;
			};
			name = Release;
		};
		625D0B5F25A385A8004D0449 /* Debug */ = {
			isa = XCBuildConfiguration;
			buildSettings = {
				ASSETCATALOG_COMPILER_APPICON_NAME = AppIcon;
				ASSETCATALOG_COMPILER_GLOBAL_ACCENT_COLOR_NAME = AccentColor;
				CODE_SIGN_STYLE = Automatic;
				DEVELOPMENT_TEAM = 268UXG9286;
				INFOPLIST_FILE = MemeMeV2/Info.plist;
				IPHONEOS_DEPLOYMENT_TARGET = 14.2;
				LD_RUNPATH_SEARCH_PATHS = (
					"$(inherited)",
					"@executable_path/Frameworks",
				);
				PRODUCT_BUNDLE_IDENTIFIER = io.pierrewhy.MemeMeV2;
				PRODUCT_NAME = "$(TARGET_NAME)";
				SWIFT_VERSION = 5.0;
				TARGETED_DEVICE_FAMILY = 1;
				TVOS_DEPLOYMENT_TARGET = 14.2;
			};
			name = Debug;
		};
		625D0B6025A385A8004D0449 /* Release */ = {
			isa = XCBuildConfiguration;
			buildSettings = {
				ASSETCATALOG_COMPILER_APPICON_NAME = AppIcon;
				ASSETCATALOG_COMPILER_GLOBAL_ACCENT_COLOR_NAME = AccentColor;
				CODE_SIGN_STYLE = Automatic;
				DEVELOPMENT_TEAM = 268UXG9286;
				INFOPLIST_FILE = MemeMeV2/Info.plist;
				IPHONEOS_DEPLOYMENT_TARGET = 14.2;
				LD_RUNPATH_SEARCH_PATHS = (
					"$(inherited)",
					"@executable_path/Frameworks",
				);
				PRODUCT_BUNDLE_IDENTIFIER = io.pierrewhy.MemeMeV2;
				PRODUCT_NAME = "$(TARGET_NAME)";
				SWIFT_VERSION = 5.0;
				TARGETED_DEVICE_FAMILY = 1;
				TVOS_DEPLOYMENT_TARGET = 14.2;
			};
			name = Release;
		};
/* End XCBuildConfiguration section */

/* Begin XCConfigurationList section */
		625D0B2F25A3859E004D0449 /* Build configuration list for PBXProject "MemeMeV2" */ = {
			isa = XCConfigurationList;
			buildConfigurations = (
				625D0B5C25A385A8004D0449 /* Debug */,
				625D0B5D25A385A8004D0449 /* Release */,
			);
			defaultConfigurationIsVisible = 0;
			defaultConfigurationName = Release;
		};
		625D0B5E25A385A8004D0449 /* Build configuration list for PBXNativeTarget "MemeMeV2" */ = {
			isa = XCConfigurationList;
			buildConfigurations = (
				625D0B5F25A385A8004D0449 /* Debug */,
				625D0B6025A385A8004D0449 /* Release */,
			);
			defaultConfigurationIsVisible = 0;
			defaultConfigurationName = Release;
		};
/* End XCConfigurationList section */
	};
	rootObject = 625D0B2C25A3859E004D0449 /* Project object */;
}
